
Microsoft Visual Studio Solution File, Format Version 12.00
# Visual Studio Version 16
VisualStudioVersion = 16.0.28922.388
MinimumVisualStudioVersion = 10.0.40219.1
Project("{FAE04EC0-301F-11D3-BF4B-00C04F79EFBC}") = "PinPadLib", "PinPadLib\PinPadLib.csproj", "{7C1D385D-20E4-4632-BEF7-077C08D63AD4}"
EndProject
Project("{FAE04EC0-301F-11D3-BF4B-00C04F79EFBC}") = "PinPadTest", "ConsoleApp1\PinPadTest.csproj", "{E1CF02E7-67CD-4424-A68B-D86AC0023EEF}"
EndProject
Project("{FAE04EC0-301F-11D3-BF4B-00C04F79EFBC}") = "PinPadLib.UnitTests", "PinPadLib.UnitTests\PinPadLib.UnitTests.csproj", "{72847EED-6CC8-4B15-A880-ACA626027C48}"
EndProject
Project("{2150E333-8FDC-42A3-9474-1A3956D46DE8}") = "Tests", "Tests", "{1F4A4633-B10A-4E02-8F28-64FF7B43A60C}"
EndProject
Global
	GlobalSection(SolutionConfigurationPlatforms) = preSolution
		Debug|Any CPU = Debug|Any CPU
		Release|Any CPU = Release|Any CPU
	EndGlobalSection
	GlobalSection(ProjectConfigurationPlatforms) = postSolution
		{7C1D385D-20E4-4632-BEF7-077C08D63AD4}.Debug|Any CPU.ActiveCfg = Debug|Any CPU
		{7C1D385D-20E4-4632-BEF7-077C08D63AD4}.Debug|Any CPU.Build.0 = Debug|Any CPU
		{7C1D385D-20E4-4632-BEF7-077C08D63AD4}.Release|Any CPU.ActiveCfg = Release|Any CPU
		{7C1D385D-20E4-4632-BEF7-077C08D63AD4}.Release|Any CPU.Build.0 = Release|Any CPU
		{E1CF02E7-67CD-4424-A68B-D86AC0023EEF}.Debug|Any CPU.ActiveCfg = Debug|Any CPU
		{E1CF02E7-67CD-4424-A68B-D86AC0023EEF}.Debug|Any CPU.Build.0 = Debug|Any CPU
		{E1CF02E7-67CD-4424-A68B-D86AC0023EEF}.Release|Any CPU.ActiveCfg = Release|Any CPU
		{E1CF02E7-67CD-4424-A68B-D86AC0023EEF}.Release|Any CPU.Build.0 = Release|Any CPU
		{72847EED-6CC8-4B15-A880-ACA626027C48}.Debug|Any CPU.ActiveCfg = Debug|Any CPU
		{72847EED-6CC8-4B15-A880-ACA626027C48}.Debug|Any CPU.Build.0 = Debug|Any CPU
		{72847EED-6CC8-4B15-A880-ACA626027C48}.Release|Any CPU.ActiveCfg = Release|Any CPU
		{72847EED-6CC8-4B15-A880-ACA626027C48}.Release|Any CPU.Build.0 = Release|Any CPU
	EndGlobalSection
	GlobalSection(SolutionProperties) = preSolution
		HideSolutionNode = FALSE
	EndGlobalSection
	GlobalSection(NestedProjects) = preSolution
		{72847EED-6CC8-4B15-A880-ACA626027C48} = {1F4A4633-B10A-4E02-8F28-64FF7B43A60C}
	EndGlobalSection
	GlobalSection(ExtensibilityGlobals) = postSolution
		SolutionGuid = {FA57C100-D672-4C48-B6AB-5D3F3DB0911C}
	EndGlobalSection
EndGlobal
